// !$*UTF8*$!
{
	archiveVersion = 1;
	classes = {
	};
	objectVersion = 50;
	objects = {

/* Begin PBXBuildFile section */
		0EF824D2FC26ABAD71DB8477 /* Pods_NobetciEczaneHtmlParse.framework in Frameworks */ = {isa = PBXBuildFile; fileRef = 33C1D9B844AB7E526FE60521 /* Pods_NobetciEczaneHtmlParse.framework */; };
		DE0D4C3E229FB8AE00660FB9 /* StartViewController.swift in Sources */ = {isa = PBXBuildFile; fileRef = DE0D4C3D229FB8AE00660FB9 /* StartViewController.swift */; };
		DE92F2C322894E9100E1FEE5 /* AppDelegate.swift in Sources */ = {isa = PBXBuildFile; fileRef = DE92F2C222894E9100E1FEE5 /* AppDelegate.swift */; };
		DE92F2C522894E9100E1FEE5 /* ViewController.swift in Sources */ = {isa = PBXBuildFile; fileRef = DE92F2C422894E9100E1FEE5 /* ViewController.swift */; };
		DE92F2C822894E9100E1FEE5 /* Main.storyboard in Resources */ = {isa = PBXBuildFile; fileRef = DE92F2C622894E9100E1FEE5 /* Main.storyboard */; };
		DE92F2CA22894E9300E1FEE5 /* Assets.xcassets in Resources */ = {isa = PBXBuildFile; fileRef = DE92F2C922894E9300E1FEE5 /* Assets.xcassets */; };
		DE92F2CD22894E9300E1FEE5 /* LaunchScreen.storyboard in Resources */ = {isa = PBXBuildFile; fileRef = DE92F2CB22894E9300E1FEE5 /* LaunchScreen.storyboard */; };
		DE963458229449E900E06851 /* epano.gif in Resources */ = {isa = PBXBuildFile; fileRef = DE963457229449E900E06851 /* epano.gif */; };
		DEB629982294467C000B37B4 /* TableViewCell.swift in Sources */ = {isa = PBXBuildFile; fileRef = DEB629972294467C000B37B4 /* TableViewCell.swift */; };
/* End PBXBuildFile section */

/* Begin PBXFileReference section */
		33C1D9B844AB7E526FE60521 /* Pods_NobetciEczaneHtmlParse.framework */ = {isa = PBXFileReference; explicitFileType = wrapper.framework; includeInIndex = 0; path = Pods_NobetciEczaneHtmlParse.framework; sourceTree = BUILT_PRODUCTS_DIR; };
		4C281E058F33964A2D948A84 /* Pods-NobetciEczaneHtmlParse.debug.xcconfig */ = {isa = PBXFileReference; includeInIndex = 1; lastKnownFileType = text.xcconfig; name = "Pods-NobetciEczaneHtmlParse.debug.xcconfig"; path = "Target Support Files/Pods-NobetciEczaneHtmlParse/Pods-NobetciEczaneHtmlParse.debug.xcconfig"; sourceTree = "<group>"; };
		50325BF1E2E75B489ED08FA2 /* Pods-NobetciEczaneHtmlParse.release.xcconfig */ = {isa = PBXFileReference; includeInIndex = 1; lastKnownFileType = text.xcconfig; name = "Pods-NobetciEczaneHtmlParse.release.xcconfig"; path = "Target Support Files/Pods-NobetciEczaneHtmlParse/Pods-NobetciEczaneHtmlParse.release.xcconfig"; sourceTree = "<group>"; };
		DE0D4C3D229FB8AE00660FB9 /* StartViewController.swift */ = {isa = PBXFileReference; lastKnownFileType = sourcecode.swift; path = StartViewController.swift; sourceTree = "<group>"; };
		DE92F2BF22894E9100E1FEE5 /* NobetciEczaneHtmlParse.app */ = {isa = PBXFileReference; explicitFileType = wrapper.application; includeInIndex = 0; path = NobetciEczaneHtmlParse.app; sourceTree = BUILT_PRODUCTS_DIR; };
		DE92F2C222894E9100E1FEE5 /* AppDelegate.swift */ = {isa = PBXFileReference; lastKnownFileType = sourcecode.swift; path = AppDelegate.swift; sourceTree = "<group>"; };
		DE92F2C422894E9100E1FEE5 /* ViewController.swift */ = {isa = PBXFileReference; lastKnownFileType = sourcecode.swift; path = ViewController.swift; sourceTree = "<group>"; };
		DE92F2C722894E9100E1FEE5 /* Base */ = {isa = PBXFileReference; lastKnownFileType = file.storyboard; name = Base; path = Base.lproj/Main.storyboard; sourceTree = "<group>"; };
		DE92F2C922894E9300E1FEE5 /* Assets.xcassets */ = {isa = PBXFileReference; lastKnownFileType = folder.assetcatalog; path = Assets.xcassets; sourceTree = "<group>"; };
		DE92F2CC22894E9300E1FEE5 /* Base */ = {isa = PBXFileReference; lastKnownFileType = file.storyboard; name = Base; path = Base.lproj/LaunchScreen.storyboard; sourceTree = "<group>"; };
		DE92F2CE22894E9300E1FEE5 /* Info.plist */ = {isa = PBXFileReference; lastKnownFileType = text.plist.xml; path = Info.plist; sourceTree = "<group>"; };
		DE963457229449E900E06851 /* epano.gif */ = {isa = PBXFileReference; lastKnownFileType = image.gif; path = epano.gif; sourceTree = "<group>"; };
		DEB629972294467C000B37B4 /* TableViewCell.swift */ = {isa = PBXFileReference; lastKnownFileType = sourcecode.swift; path = TableViewCell.swift; sourceTree = "<group>"; };
/* End PBXFileReference section */

/* Begin PBXFrameworksBuildPhase section */
		DE92F2BC22894E9100E1FEE5 /* Frameworks */ = {
			isa = PBXFrameworksBuildPhase;
			buildActionMask = 2147483647;
			files = (
				0EF824D2FC26ABAD71DB8477 /* Pods_NobetciEczaneHtmlParse.framework in Frameworks */,
			);
			runOnlyForDeploymentPostprocessing = 0;
		};
/* End PBXFrameworksBuildPhase section */

/* Begin PBXGroup section */
		AB6A0F8C86F5235055EE5448 /* Frameworks */ = {
			isa = PBXGroup;
			children = (
				33C1D9B844AB7E526FE60521 /* Pods_NobetciEczaneHtmlParse.framework */,
			);
			name = Frameworks;
			sourceTree = "<group>";
		};
		CAC8279238FC1742147A51AE /* Pods */ = {
			isa = PBXGroup;
			children = (
				4C281E058F33964A2D948A84 /* Pods-NobetciEczaneHtmlParse.debug.xcconfig */,
				50325BF1E2E75B489ED08FA2 /* Pods-NobetciEczaneHtmlParse.release.xcconfig */,
			);
			path = Pods;
			sourceTree = "<group>";
		};
		DE92F2B622894E9100E1FEE5 = {
			isa = PBXGroup;
			children = (
				DE92F2C122894E9100E1FEE5 /* NobetciEczaneHtmlParse */,
				DE92F2C022894E9100E1FEE5 /* Products */,
				CAC8279238FC1742147A51AE /* Pods */,
				AB6A0F8C86F5235055EE5448 /* Frameworks */,
			);
			sourceTree = "<group>";
		};
		DE92F2C022894E9100E1FEE5 /* Products */ = {
			isa = PBXGroup;
			children = (
				DE92F2BF22894E9100E1FEE5 /* NobetciEczaneHtmlParse.app */,
			);
			name = Products;
			sourceTree = "<group>";
		};
		DE92F2C122894E9100E1FEE5 /* NobetciEczaneHtmlParse */ = {
			isa = PBXGroup;
			children = (
				DE92F2C222894E9100E1FEE5 /* AppDelegate.swift */,
				DE92F2C422894E9100E1FEE5 /* ViewController.swift */,
				DE0D4C3D229FB8AE00660FB9 /* StartViewController.swift */,
				DEB629972294467C000B37B4 /* TableViewCell.swift */,
				DE92F2C622894E9100E1FEE5 /* Main.storyboard */,
				DE92F2C922894E9300E1FEE5 /* Assets.xcassets */,
				DE963457229449E900E06851 /* epano.gif */,
				DE92F2CB22894E9300E1FEE5 /* LaunchScreen.storyboard */,
				DE92F2CE22894E9300E1FEE5 /* Info.plist */,
			);
			path = NobetciEczaneHtmlParse;
			sourceTree = "<group>";
		};
/* End PBXGroup section */

/* Begin PBXNativeTarget section */
		DE92F2BE22894E9100E1FEE5 /* NobetciEczaneHtmlParse */ = {
			isa = PBXNativeTarget;
			buildConfigurationList = DE92F2D122894E9300E1FEE5 /* Build configuration list for PBXNativeTarget "NobetciEczaneHtmlParse" */;
			buildPhases = (
				CF23B84C71B5A1C46443AB26 /* [CP] Check Pods Manifest.lock */,
				DE92F2BB22894E9100E1FEE5 /* Sources */,
				DE92F2BC22894E9100E1FEE5 /* Frameworks */,
				DE92F2BD22894E9100E1FEE5 /* Resources */,
				D338E8C6BD88B19EEEDD02E9 /* [CP] Embed Pods Frameworks */,
			);
			buildRules = (
			);
			dependencies = (
			);
			name = NobetciEczaneHtmlParse;
			productName = NobetciEczaneHtmlParse;
			productReference = DE92F2BF22894E9100E1FEE5 /* NobetciEczaneHtmlParse.app */;
			productType = "com.apple.product-type.application";
		};
/* End PBXNativeTarget section */

/* Begin PBXProject section */
		DE92F2B722894E9100E1FEE5 /* Project object */ = {
			isa = PBXProject;
			attributes = {
				LastSwiftUpdateCheck = 1020;
				LastUpgradeCheck = 1020;
				ORGANIZATIONNAME = "Türker Sandal";
				TargetAttributes = {
					DE92F2BE22894E9100E1FEE5 = {
						CreatedOnToolsVersion = 10.2.1;
					};
				};
			};
			buildConfigurationList = DE92F2BA22894E9100E1FEE5 /* Build configuration list for PBXProject "NobetciEczaneHtmlParse" */;
			compatibilityVersion = "Xcode 9.3";
			developmentRegion = en;
			hasScannedForEncodings = 0;
			knownRegions = (
				en,
				Base,
			);
			mainGroup = DE92F2B622894E9100E1FEE5;
			productRefGroup = DE92F2C022894E9100E1FEE5 /* Products */;
			projectDirPath = "";
			projectRoot = "";
			targets = (
				DE92F2BE22894E9100E1FEE5 /* NobetciEczaneHtmlParse */,
			);
		};
/* End PBXProject section */

/* Begin PBXResourcesBuildPhase section */
		DE92F2BD22894E9100E1FEE5 /* Resources */ = {
			isa = PBXResourcesBuildPhase;
			buildActionMask = 2147483647;
			files = (
				DE963458229449E900E06851 /* epano.gif in Resources */,
				DE92F2CD22894E9300E1FEE5 /* LaunchScreen.storyboard in Resources */,
				DE92F2CA22894E9300E1FEE5 /* Assets.xcassets in Resources */,
				DE92F2C822894E9100E1FEE5 /* Main.storyboard in Resources */,
			);
			runOnlyForDeploymentPostprocessing = 0;
		};
/* End PBXResourcesBuildPhase section */

/* Begin PBXShellScriptBuildPhase section */
		CF23B84C71B5A1C46443AB26 /* [CP] Check Pods Manifest.lock */ = {
			isa = PBXShellScriptBuildPhase;
			buildActionMask = 2147483647;
			files = (
			);
			inputFileListPaths = (
			);
			inputPaths = (
				"${PODS_PODFILE_DIR_PATH}/Podfile.lock",
				"${PODS_ROOT}/Manifest.lock",
			);
			name = "[CP] Check Pods Manifest.lock";
			outputFileListPaths = (
			);
			outputPaths = (
				"$(DERIVED_FILE_DIR)/Pods-NobetciEczaneHtmlParse-checkManifestLockResult.txt",
			);
			runOnlyForDeploymentPostprocessing = 0;
			shellPath = /bin/sh;
			shellScript = "diff \"${PODS_PODFILE_DIR_PATH}/Podfile.lock\" \"${PODS_ROOT}/Manifest.lock\" > /dev/null\nif [ $? != 0 ] ; then\n    # print error to STDERR\n    echo \"error: The sandbox is not in sync with the Podfile.lock. Run 'pod install' or update your CocoaPods installation.\" >&2\n    exit 1\nfi\n# This output is used by Xcode 'outputs' to avoid re-running this script phase.\necho \"SUCCESS\" > \"${SCRIPT_OUTPUT_FILE_0}\"\n";
			showEnvVarsInLog = 0;
		};
		D338E8C6BD88B19EEEDD02E9 /* [CP] Embed Pods Frameworks */ = {
			isa = PBXShellScriptBuildPhase;
			buildActionMask = 2147483647;
			files = (
			);
			inputFileListPaths = (
			);
			inputPaths = (
				"${PODS_ROOT}/Target Support Files/Pods-NobetciEczaneHtmlParse/Pods-NobetciEczaneHtmlParse-frameworks.sh",
				"${BUILT_PRODUCTS_DIR}/SwiftSoup/SwiftSoup.framework",
			);
			name = "[CP] Embed Pods Frameworks";
			outputFileListPaths = (
			);
			outputPaths = (
				"${TARGET_BUILD_DIR}/${FRAMEWORKS_FOLDER_PATH}/SwiftSoup.framework",
			);
			runOnlyForDeploymentPostprocessing = 0;
			shellPath = /bin/sh;
			shellScript = "\"${PODS_ROOT}/Target Support Files/Pods-NobetciEczaneHtmlParse/Pods-NobetciEczaneHtmlParse-frameworks.sh\"\n";
			showEnvVarsInLog = 0;
		};
/* End PBXShellScriptBuildPhase section */

/* Begin PBXSourcesBuildPhase section */
		DE92F2BB22894E9100E1FEE5 /* Sources */ = {
			isa = PBXSourcesBuildPhase;
			buildActionMask = 2147483647;
			files = (
				DEB629982294467C000B37B4 /* TableViewCell.swift in Sources */,
				DE0D4C3E229FB8AE00660FB9 /* StartViewController.swift in Sources */,
				DE92F2C522894E9100E1FEE5 /* ViewController.swift in Sources */,
				DE92F2C322894E9100E1FEE5 /* AppDelegate.swift in Sources */,
			);
			runOnlyForDeploymentPostprocessing = 0;
		};
/* End PBXSourcesBuildPhase section */

/* Begin PBXVariantGroup section */
		DE92F2C622894E9100E1FEE5 /* Main.storyboard */ = {
			isa = PBXVariantGroup;
			children = (
				DE92F2C722894E9100E1FEE5 /* Base */,
			);
			name = Main.storyboard;
			sourceTree = "<group>";
		};
		DE92F2CB22894E9300E1FEE5 /* LaunchScreen.storyboard */ = {
			isa = PBXVariantGroup;
			children = (
				DE92F2CC22894E9300E1FEE5 /* Base */,
			);
			name = LaunchScreen.storyboard;
			sourceTree = "<group>";
		};
/* End PBXVariantGroup section */

/* Begin XCBuildConfiguration section */
		DE92F2CF22894E9300E1FEE5 /* Debug */ = {
			isa = XCBuildConfiguration;
			buildSettings = {
				ALWAYS_SEARCH_USER_PATHS = NO;
				CLANG_ANALYZER_NONNULL = YES;
				CLANG_ANALYZER_NUMBER_OBJECT_CONVERSION = YES_AGGRESSIVE;
				CLANG_CXX_LANGUAGE_STANDARD = "gnu++14";
				CLANG_CXX_LIBRARY = "libc++";
				CLANG_ENABLE_MODULES = YES;
				CLANG_ENABLE_OBJC_ARC = YES;
				CLANG_ENABLE_OBJC_WEAK = YES;
				CLANG_WARN_BLOCK_CAPTURE_AUTORELEASING = YES;
				CLANG_WARN_BOOL_CONVERSION = YES;
				CLANG_WARN_COMMA = YES;
				CLANG_WARN_CONSTANT_CONVERSION = YES;
				CLANG_WARN_DEPRECATED_OBJC_IMPLEMENTATIONS = YES;
				CLANG_WARN_DIRECT_OBJC_ISA_USAGE = YES_ERROR;
				CLANG_WARN_DOCUMENTATION_COMMENTS = YES;
				CLANG_WARN_EMPTY_BODY = YES;
				CLANG_WARN_ENUM_CONVERSION = YES;
				CLANG_WARN_INFINITE_RECURSION = YES;
				CLANG_WARN_INT_CONVERSION = YES;
				CLANG_WARN_NON_LITERAL_NULL_CONVERSION = YES;
				CLANG_WARN_OBJC_IMPLICIT_RETAIN_SELF = YES;
				CLANG_WARN_OBJC_LITERAL_CONVERSION = YES;
				CLANG_WARN_OBJC_ROOT_CLASS = YES_ERROR;
				CLANG_WARN_RANGE_LOOP_ANALYSIS = YES;
				CLANG_WARN_STRICT_PROTOTYPES = YES;
				CLANG_WARN_SUSPICIOUS_MOVE = YES;
				CLANG_WARN_UNGUARDED_AVAILABILITY = YES_AGGRESSIVE;
				CLANG_WARN_UNREACHABLE_CODE = YES;
				CLANG_WARN__DUPLICATE_METHOD_MATCH = YES;
				CODE_SIGN_IDENTITY = "iPhone Developer";
				COPY_PHASE_STRIP = NO;
				DEBUG_INFORMATION_FORMAT = dwarf;
				ENABLE_STRICT_OBJC_MSGSEND = YES;
				ENABLE_TESTABILITY = YES;
				GCC_C_LANGUAGE_STANDARD = gnu11;
				GCC_DYNAMIC_NO_PIC = NO;
				GCC_NO_COMMON_BLOCKS = YES;
				GCC_OPTIMIZATION_LEVEL = 0;
				GCC_PREPROCESSOR_DEFINITIONS = (
					"DEBUG=1",
					"$(inherited)",
				);
				GCC_WARN_64_TO_32_BIT_CONVERSION = YES;
				GCC_WARN_ABOUT_RETURN_TYPE = YES_ERROR;
				GCC_WARN_UNDECLARED_SELECTOR = YES;
				GCC_WARN_UNINITIALIZED_AUTOS = YES_AGGRESSIVE;
				GCC_WARN_UNUSED_FUNCTION = YES;
				GCC_WARN_UNUSED_VARIABLE = YES;
				IPHONEOS_DEPLOYMENT_TARGET = 12.2;
				MTL_ENABLE_DEBUG_INFO = INCLUDE_SOURCE;
				MTL_FAST_MATH = YES;
				ONLY_ACTIVE_ARCH = YES;
				SDKROOT = iphoneos;
				SWIFT_ACTIVE_COMPILATION_CONDITIONS = DEBUG;
				SWIFT_OPTIMIZATION_LEVEL = "-Onone";
			};
			name = Debug;
		};
		DE92F2D022894E9300E1FEE5 /* Release */ = {
			isa = XCBuildConfiguration;
			buildSettings = {
				ALWAYS_SEARCH_USER_PATHS = NO;
				CLANG_ANALYZER_NONNULL = YES;
				CLANG_ANALYZER_NUMBER_OBJECT_CONVERSION = YES_AGGRESSIVE;
				CLANG_CXX_LANGUAGE_STANDARD = "gnu++14";
				CLANG_CXX_LIBRARY = "libc++";
				CLANG_ENABLE_MODULES = YES;
				CLANG_ENABLE_OBJC_ARC = YES;
				CLANG_ENABLE_OBJC_WEAK = YES;
				CLANG_WARN_BLOCK_CAPTURE_AUTORELEASING = YES;
				CLANG_WARN_BOOL_CONVERSION = YES;
				CLANG_WARN_COMMA = YES;
				CLANG_WARN_CONSTANT_CONVERSION = YES;
				CLANG_WARN_DEPRECATED_OBJC_IMPLEMENTATIONS = YES;
				CLANG_WARN_DIRECT_OBJC_ISA_USAGE = YES_ERROR;
				CLANG_WARN_DOCUMENTATION_COMMENTS = YES;
				CLANG_WARN_EMPTY_BODY = YES;
				CLANG_WARN_ENUM_CONVERSION = YES;
				CLANG_WARN_INFINITE_RECURSION = YES;
				CLANG_WARN_INT_CONVERSION = YES;
				CLANG_WARN_NON_LITERAL_NULL_CONVERSION = YES;
				CLANG_WARN_OBJC_IMPLICIT_RETAIN_SELF = YES;
				CLANG_WARN_OBJC_LITERAL_CONVERSION = YES;
				CLANG_WARN_OBJC_ROOT_CLASS = YES_ERROR;
				CLANG_WARN_RANGE_LOOP_ANALYSIS = YES;
				CLANG_WARN_STRICT_PROTOTYPES = YES;
				CLANG_WARN_SUSPICIOUS_MOVE = YES;
				CLANG_WARN_UNGUARDED_AVAILABILITY = YES_AGGRESSIVE;
				CLANG_WARN_UNREACHABLE_CODE = YES;
				CLANG_WARN__DUPLICATE_METHOD_MATCH = YES;
				CODE_SIGN_IDENTITY = "iPhone Developer";
				COPY_PHASE_STRIP = NO;
				DEBUG_INFORMATION_FORMAT = "dwarf-with-dsym";
				ENABLE_NS_ASSERTIONS = NO;
				ENABLE_STRICT_OBJC_MSGSEND = YES;
				GCC_C_LANGUAGE_STANDARD = gnu11;
				GCC_NO_COMMON_BLOCKS = YES;
				GCC_WARN_64_TO_32_BIT_CONVERSION = YES;
				GCC_WARN_ABOUT_RETURN_TYPE = YES_ERROR;
				GCC_WARN_UNDECLARED_SELECTOR = YES;
				GCC_WARN_UNINITIALIZED_AUTOS = YES_AGGRESSIVE;
				GCC_WARN_UNUSED_FUNCTION = YES;
				GCC_WARN_UNUSED_VARIABLE = YES;
				IPHONEOS_DEPLOYMENT_TARGET = 12.2;
				MTL_ENABLE_DEBUG_INFO = NO;
				MTL_FAST_MATH = YES;
				SDKROOT = iphoneos;
				SWIFT_COMPILATION_MODE = wholemodule;
				SWIFT_OPTIMIZATION_LEVEL = "-O";
				VALIDATE_PRODUCT = YES;
			};
			name = Release;
		};
		DE92F2D222894E9300E1FEE5 /* Debug */ = {
			isa = XCBuildConfiguration;
			baseConfigurationReference = 4C281E058F33964A2D948A84 /* Pods-NobetciEczaneHtmlParse.debug.xcconfig */;
			buildSettings = {
				ASSETCATALOG_COMPILER_APPICON_NAME = AppIcon;
				CODE_SIGN_STYLE = Automatic;
				INFOPLIST_FILE = NobetciEczaneHtmlParse/Info.plist;
				LD_RUNPATH_SEARCH_PATHS = (
					"$(inherited)",
					"@executable_path/Frameworks",
				);
				PRODUCT_BUNDLE_IDENTIFIER = com.turkersandal.NobetciEczaneHtmlParse;
				PRODUCT_NAME = "$(TARGET_NAME)";
				SWIFT_VERSION = 5.0;
				TARGETED_DEVICE_FAMILY = "1,2";
			};
			name = Debug;
		};
		DE92F2D322894E9300E1FEE5 /* Release */ = {
			isa = XCBuildConfiguration;
			baseConfigurationReference = 50325BF1E2E75B489ED08FA2 /* Pods-NobetciEczaneHtmlParse.release.xcconfig */;
			buildSettings = {
				ASSETCATALOG_COMPILER_APPICON_NAME = AppIcon;
				CODE_SIGN_STYLE = Automatic;
				INFOPLIST_FILE = NobetciEczaneHtmlParse/Info.plist;
				LD_RUNPATH_SEARCH_PATHS = (
					"$(inherited)",
					"@executable_path/Frameworks",
				);
				PRODUCT_BUNDLE_IDENTIFIER = com.turkersandal.NobetciEczaneHtmlParse;
				PRODUCT_NAME = "$(TARGET_NAME)";
				SWIFT_VERSION = 5.0;
				TARGETED_DEVICE_FAMILY = "1,2";
			};
			name = Release;
		};
/* End XCBuildConfiguration section */

/* Begin XCConfigurationList section */
		DE92F2BA22894E9100E1FEE5 /* Build configuration list for PBXProject "NobetciEczaneHtmlParse" */ = {
			isa = XCConfigurationList;
			buildConfigurations = (
				DE92F2CF22894E9300E1FEE5 /* Debug */,
				DE92F2D022894E9300E1FEE5 /* Release */,
			);
			defaultConfigurationIsVisible = 0;
			defaultConfigurationName = Release;
		};
		DE92F2D122894E9300E1FEE5 /* Build configuration list for PBXNativeTarget "NobetciEczaneHtmlParse" */ = {
			isa = XCConfigurationList;
			buildConfigurations = (
				DE92F2D222894E9300E1FEE5 /* Debug */,
				DE92F2D322894E9300E1FEE5 /* Release */,
			);
			defaultConfigurationIsVisible = 0;
			defaultConfigurationName = Release;
		};
/* End XCConfigurationList section */
	};
	rootObject = DE92F2B722894E9100E1FEE5 /* Project object */;
}
